
Microsoft Visual Studio Solution File, Format Version 12.00
# Visual Studio Version 17
VisualStudioVersion = 17.6.33723.286
MinimumVisualStudioVersion = 10.0.40219.1
Project("{FAE04EC0-301F-11D3-BF4B-00C04F79EFBC}") = "GRBOT-BACKEND", "GRBOT-BACKEND\GRBOT-BACKEND.csproj", "{502CA47B-B7C5-4DDF-B885-E67AC039D0CC}"
EndProject
Global
	GlobalSection(SolutionConfigurationPlatforms) = preSolution
		Debug|Any CPU = Debug|Any CPU
		Release|Any CPU = Release|Any CPU
	EndGlobalSection
	GlobalSection(ProjectConfigurationPlatforms) = postSolution
		{502CA47B-B7C5-4DDF-B885-E67AC039D0CC}.Debug|Any CPU.ActiveCfg = Debug|Any CPU
		{502CA47B-B7C5-4DDF-B885-E67AC039D0CC}.Debug|Any CPU.Build.0 = Debug|Any CPU
		{502CA47B-B7C5-4DDF-B885-E67AC039D0CC}.Release|Any CPU.ActiveCfg = Release|Any CPU
		{502CA47B-B7C5-4DDF-B885-E67AC039D0CC}.Release|Any CPU.Build.0 = Release|Any CPU
	EndGlobalSection
	GlobalSection(SolutionProperties) = preSolution
		HideSolutionNode = FALSE
	EndGlobalSection
	GlobalSection(ExtensibilityGlobals) = postSolution
		SolutionGuid = {8367613E-4AFA-409D-A81D-603CD2B4C182}
	EndGlobalSection
EndGlobal
